PODS:
  - Flutter (1.0.0)
  - Intercom (9.3.6)
  - "intercom_flutter (2.2.0+1)":
    - Flutter
    - Intercom (~> 9.3.6)

DEPENDENCIES:
  - Flutter (from `Flutter`)
  - intercom_flutter (from `.symlinks/plugins/intercom_flutter/ios`)

SPEC REPOS:
  trunk:
    - Intercom

EXTERNAL SOURCES:
  Flutter:
    :path: Flutter
  intercom_flutter:
    :path: ".symlinks/plugins/intercom_flutter/ios"

SPEC CHECKSUMS:
  Flutter: 434fef37c0980e73bb6479ef766c45957d4b510c
  Intercom: d44bd4264f61a3e343cac46d7b88d4db0f860077
  intercom_flutter: 557ebb7c5c0ad70853754a6e47730ca867577414

PODFILE CHECKSUM: fe0e1ee7f3d1f7d00b11b474b62dd62134535aea

COCOAPODS: 1.10.1
